
Microsoft Visual Studio Solution File, Format Version 12.00
# Visual Studio Version 16
VisualStudioVersion = 16.0.30804.86
MinimumVisualStudioVersion = 10.0.40219.1
Project("{9A19103F-16F7-4668-BE54-9A1E7A4F7556}") = "SuperPerros", "SuperPerros\SuperPerros.csproj", "{5F4076FE-B87A-42C0-8757-9D25EBD7B371}"
EndProject
Global
	GlobalSection(SolutionConfigurationPlatforms) = preSolution
		Debug|Any CPU = Debug|Any CPU
		Release|Any CPU = Release|Any CPU
	EndGlobalSection
	GlobalSection(ProjectConfigurationPlatforms) = postSolution
		{5F4076FE-B87A-42C0-8757-9D25EBD7B371}.Debug|Any CPU.ActiveCfg = Debug|Any CPU
		{5F4076FE-B87A-42C0-8757-9D25EBD7B371}.Debug|Any CPU.Build.0 = Debug|Any CPU
		{5F4076FE-B87A-42C0-8757-9D25EBD7B371}.Release|Any CPU.ActiveCfg = Release|Any CPU
		{5F4076FE-B87A-42C0-8757-9D25EBD7B371}.Release|Any CPU.Build.0 = Release|Any CPU
	EndGlobalSection
	GlobalSection(SolutionProperties) = preSolution
		HideSolutionNode = FALSE
	EndGlobalSection
	GlobalSection(ExtensibilityGlobals) = postSolution
		SolutionGuid = {412F0625-22D1-4F6B-9DAF-723B2AE72DFA}
	EndGlobalSection
EndGlobal
